
Microsoft Visual Studio Solution File, Format Version 12.00
# Visual Studio Version 17
VisualStudioVersion = 17.3.32825.248
MinimumVisualStudioVersion = 10.0.40219.1
Project("{FAE04EC0-301F-11D3-BF4B-00C04F79EFBC}") = "OrgOffering", "OrgOffering.csproj", "{EB5CB827-D607-4F05-B34B-B50160212182}"
EndProject
Global
	GlobalSection(SolutionConfigurationPlatforms) = preSolution
		Debug|Any CPU = Debug|Any CPU
		Release|Any CPU = Release|Any CPU
	EndGlobalSection
	GlobalSection(ProjectConfigurationPlatforms) = postSolution
		{EB5CB827-D607-4F05-B34B-B50160212182}.Debug|Any CPU.ActiveCfg = Debug|Any CPU
		{EB5CB827-D607-4F05-B34B-B50160212182}.Debug|Any CPU.Build.0 = Debug|Any CPU
		{EB5CB827-D607-4F05-B34B-B50160212182}.Release|Any CPU.ActiveCfg = Release|Any CPU
		{EB5CB827-D607-4F05-B34B-B50160212182}.Release|Any CPU.Build.0 = Release|Any CPU
	EndGlobalSection
	GlobalSection(SolutionProperties) = preSolution
		HideSolutionNode = FALSE
	EndGlobalSection
	GlobalSection(ExtensibilityGlobals) = postSolution
		SolutionGuid = {0555529F-DE23-465E-AB20-454D7A078421}
	EndGlobalSection
EndGlobal
